{
  "version": 4,
  "terraform_version": "1.1.9",
  "serial": 11,
  "lineage": "bdc37874-f644-f75c-1be6-bbe983e51fd3",
  "outputs": {},
  "resources": [
    {
      "mode": "managed",
      "type": "azurerm_mysql_flexible_database",
      "name": "default",
      "provider": "provider[\"registry.terraform.io/hashicorp/azurerm\"]",
      "instances": [
        {
          "schema_version": 0,
          "attributes": {
            "charset": "utf8",
            "collation": "utf8_unicode_ci",
            "id": "/subscriptions/efb95552-4a7d-4fc8-a8ba-c666c1faa870/resourceGroups/rg-liberal-marmoset/providers/Microsoft.DBforMySQL/flexibleServers/mysqlfs-ohajckes/databases/mysqlfsdb_ohajckes",
            "name": "mysqlfsdb_ohajckes",
            "resource_group_name": "rg-liberal-marmoset",
            "server_name": "mysqlfs-ohajckes",
            "timeouts": null
          },
          "sensitive_attributes": [],
          "private": "eyJlMmJmYjczMC1lY2FhLTExZTYtOGY4OC0zNDM2M2JjN2M0YzAiOnsiY3JlYXRlIjozNjAwMDAwMDAwMDAwLCJkZWxldGUiOjM2MDAwMDAwMDAwMDAsInJlYWQiOjMwMDAwMDAwMDAwMCwidXBkYXRlIjozNjAwMDAwMDAwMDAwfX0=",
          "dependencies": [
            "azurerm_mysql_flexible_server.default",
            "azurerm_private_dns_zone.default",
            "azurerm_private_dns_zone_virtual_network_link.default",
            "azurerm_resource_group.rg",
            "azurerm_subnet.default",
            "azurerm_virtual_network.default",
            "random_password.password",
            "random_pet.rg_name",
            "random_string.name"
          ]
        }
      ]
    },
    {
      "mode": "managed",
      "type": "azurerm_mysql_flexible_server",
      "name": "default",
      "provider": "provider[\"registry.terraform.io/hashicorp/azurerm\"]",
      "instances": [
        {
          "schema_version": 0,
          "attributes": {
            "administrator_login": "ohajckes",
            "administrator_password": "h5_PPM9k",
            "backup_retention_days": 7,
            "create_mode": null,
            "delegated_subnet_id": "/subscriptions/efb95552-4a7d-4fc8-a8ba-c666c1faa870/resourceGroups/rg-liberal-marmoset/providers/Microsoft.Network/virtualNetworks/vnet-ohajckes/subnets/subnet-ohajckes",
            "fqdn": "mysqlfs-ohajckes.mysql.database.azure.com",
            "geo_redundant_backup_enabled": false,
            "high_availability": [
              {
                "mode": "ZoneRedundant",
                "standby_availability_zone": "2"
              }
            ],
            "id": "/subscriptions/efb95552-4a7d-4fc8-a8ba-c666c1faa870/resourceGroups/rg-liberal-marmoset/providers/Microsoft.DBforMySQL/flexibleServers/mysqlfs-ohajckes",
            "location": "eastus",
            "maintenance_window": [
              {
                "day_of_week": 0,
                "start_hour": 8,
                "start_minute": 0
              }
            ],
            "name": "mysqlfs-ohajckes",
            "point_in_time_restore_time_in_utc": null,
            "private_dns_zone_id": "/subscriptions/efb95552-4a7d-4fc8-a8ba-c666c1faa870/resourceGroups/rg-liberal-marmoset/providers/Microsoft.Network/privateDnsZones/ohajckes.mysql.database.azure.com",
            "public_network_access_enabled": false,
            "replica_capacity": 10,
            "replication_role": "None",
            "resource_group_name": "rg-liberal-marmoset",
            "sku_name": "GP_Standard_D2ds_v4",
            "source_server_id": null,
            "storage": [
              {
                "auto_grow_enabled": true,
                "iops": 360,
                "size_gb": 20
              }
            ],
            "tags": null,
            "timeouts": null,
            "version": "8.0.21",
            "zone": "1"
          },
          "sensitive_attributes": [
            [
              {
                "type": "get_attr",
                "value": "administrator_password"
              }
            ]
          ],
          "private": "eyJlMmJmYjczMC1lY2FhLTExZTYtOGY4OC0zNDM2M2JjN2M0YzAiOnsiY3JlYXRlIjozNjAwMDAwMDAwMDAwLCJkZWxldGUiOjM2MDAwMDAwMDAwMDAsInJlYWQiOjMwMDAwMDAwMDAwMCwidXBkYXRlIjozNjAwMDAwMDAwMDAwfX0=",
          "dependencies": [
            "azurerm_private_dns_zone.default",
            "azurerm_private_dns_zone_virtual_network_link.default",
            "azurerm_resource_group.rg",
            "azurerm_subnet.default",
            "azurerm_virtual_network.default",
            "random_password.password",
            "random_pet.rg_name",
            "random_string.name"
          ]
        }
      ]
    },
    {
      "mode": "managed",
      "type": "azurerm_private_dns_zone",
      "name": "default",
      "provider": "provider[\"registry.terraform.io/hashicorp/azurerm\"]",
      "instances": [
        {
          "schema_version": 0,
          "attributes": {
            "id": "/subscriptions/efb95552-4a7d-4fc8-a8ba-c666c1faa870/resourceGroups/rg-liberal-marmoset/providers/Microsoft.Network/privateDnsZones/ohajckes.mysql.database.azure.com",
            "max_number_of_record_sets": 25000,
            "max_number_of_virtual_network_links": 1000,
            "max_number_of_virtual_network_links_with_registration": 100,
            "name": "ohajckes.mysql.database.azure.com",
            "number_of_record_sets": 1,
            "resource_group_name": "rg-liberal-marmoset",
            "soa_record": [
              {
                "email": "azureprivatedns-host.microsoft.com",
                "expire_time": 2419200,
                "fqdn": "ohajckes.mysql.database.azure.com.",
                "host_name": "azureprivatedns.net",
                "minimum_ttl": 10,
                "refresh_time": 3600,
                "retry_time": 300,
                "serial_number": 1,
                "tags": {},
                "ttl": 3600
              }
            ],
            "tags": null,
            "timeouts": null
          },
          "sensitive_attributes": [],
          "private": "eyJlMmJmYjczMC1lY2FhLTExZTYtOGY4OC0zNDM2M2JjN2M0YzAiOnsiY3JlYXRlIjoxODAwMDAwMDAwMDAwLCJkZWxldGUiOjE4MDAwMDAwMDAwMDAsInJlYWQiOjMwMDAwMDAwMDAwMCwidXBkYXRlIjoxODAwMDAwMDAwMDAwfX0=",
          "dependencies": [
            "azurerm_resource_group.rg",
            "random_pet.rg_name",
            "random_string.name"
          ]
        }
      ]
    },
    {
      "mode": "managed",
      "type": "azurerm_private_dns_zone_virtual_network_link",
      "name": "default",
      "provider": "provider[\"registry.terraform.io/hashicorp/azurerm\"]",
      "instances": [
        {
          "schema_version": 0,
          "attributes": {
            "id": "/subscriptions/efb95552-4a7d-4fc8-a8ba-c666c1faa870/resourceGroups/rg-liberal-marmoset/providers/Microsoft.Network/privateDnsZones/ohajckes.mysql.database.azure.com/virtualNetworkLinks/mysqlfsVnetZoneohajckes.com",
            "name": "mysqlfsVnetZoneohajckes.com",
            "private_dns_zone_name": "ohajckes.mysql.database.azure.com",
            "registration_enabled": false,
            "resource_group_name": "rg-liberal-marmoset",
            "tags": null,
            "timeouts": null,
            "virtual_network_id": "/subscriptions/efb95552-4a7d-4fc8-a8ba-c666c1faa870/resourceGroups/rg-liberal-marmoset/providers/Microsoft.Network/virtualNetworks/vnet-ohajckes"
          },
          "sensitive_attributes": [],
          "private": "eyJlMmJmYjczMC1lY2FhLTExZTYtOGY4OC0zNDM2M2JjN2M0YzAiOnsiY3JlYXRlIjoxODAwMDAwMDAwMDAwLCJkZWxldGUiOjE4MDAwMDAwMDAwMDAsInJlYWQiOjMwMDAwMDAwMDAwMCwidXBkYXRlIjoxODAwMDAwMDAwMDAwfX0=",
          "dependencies": [
            "azurerm_private_dns_zone.default",
            "azurerm_resource_group.rg",
            "azurerm_virtual_network.default",
            "random_pet.rg_name",
            "random_string.name"
          ]
        }
      ]
    },
    {
      "mode": "managed",
      "type": "azurerm_resource_group",
      "name": "rg",
      "provider": "provider[\"registry.terraform.io/hashicorp/azurerm\"]",
      "instances": [
        {
          "schema_version": 0,
          "attributes": {
            "id": "/subscriptions/efb95552-4a7d-4fc8-a8ba-c666c1faa870/resourceGroups/rg-liberal-marmoset",
            "location": "eastus",
            "name": "rg-liberal-marmoset",
            "tags": null,
            "timeouts": null
          },
          "sensitive_attributes": [],
          "private": "eyJlMmJmYjczMC1lY2FhLTExZTYtOGY4OC0zNDM2M2JjN2M0YzAiOnsiY3JlYXRlIjo1NDAwMDAwMDAwMDAwLCJkZWxldGUiOjU0MDAwMDAwMDAwMDAsInJlYWQiOjMwMDAwMDAwMDAwMCwidXBkYXRlIjo1NDAwMDAwMDAwMDAwfX0=",
          "dependencies": [
            "random_pet.rg_name"
          ]
        }
      ]
    },
    {
      "mode": "managed",
      "type": "azurerm_subnet",
      "name": "default",
      "provider": "provider[\"registry.terraform.io/hashicorp/azurerm\"]",
      "instances": [
        {
          "schema_version": 0,
          "attributes": {
            "address_prefix": "10.0.2.0/24",
            "address_prefixes": [
              "10.0.2.0/24"
            ],
            "delegation": [
              {
                "name": "fs",
                "service_delegation": [
                  {
                    "actions": [
                      "Microsoft.Network/virtualNetworks/subnets/join/action"
                    ],
                    "name": "Microsoft.DBforMySQL/flexibleServers"
                  }
                ]
              }
            ],
            "enforce_private_link_endpoint_network_policies": false,
            "enforce_private_link_service_network_policies": false,
            "id": "/subscriptions/efb95552-4a7d-4fc8-a8ba-c666c1faa870/resourceGroups/rg-liberal-marmoset/providers/Microsoft.Network/virtualNetworks/vnet-ohajckes/subnets/subnet-ohajckes",
            "name": "subnet-ohajckes",
            "resource_group_name": "rg-liberal-marmoset",
            "service_endpoint_policy_ids": null,
            "service_endpoints": [
              "Microsoft.Storage"
            ],
            "timeouts": null,
            "virtual_network_name": "vnet-ohajckes"
          },
          "sensitive_attributes": [],
          "private": "eyJlMmJmYjczMC1lY2FhLTExZTYtOGY4OC0zNDM2M2JjN2M0YzAiOnsiY3JlYXRlIjoxODAwMDAwMDAwMDAwLCJkZWxldGUiOjE4MDAwMDAwMDAwMDAsInJlYWQiOjMwMDAwMDAwMDAwMCwidXBkYXRlIjoxODAwMDAwMDAwMDAwfX0=",
          "dependencies": [
            "azurerm_resource_group.rg",
            "azurerm_virtual_network.default",
            "random_pet.rg_name",
            "random_string.name"
          ]
        }
      ]
    },
    {
      "mode": "managed",
      "type": "azurerm_virtual_network",
      "name": "default",
      "provider": "provider[\"registry.terraform.io/hashicorp/azurerm\"]",
      "instances": [
        {
          "schema_version": 0,
          "attributes": {
            "address_space": [
              "10.0.0.0/16"
            ],
            "bgp_community": "",
            "ddos_protection_plan": [],
            "dns_servers": [],
            "flow_timeout_in_minutes": 0,
            "guid": "830866f3-76e2-478a-a032-7df9a9a8c530",
            "id": "/subscriptions/efb95552-4a7d-4fc8-a8ba-c666c1faa870/resourceGroups/rg-liberal-marmoset/providers/Microsoft.Network/virtualNetworks/vnet-ohajckes",
            "location": "eastus",
            "name": "vnet-ohajckes",
            "resource_group_name": "rg-liberal-marmoset",
            "subnet": [],
            "tags": null,
            "timeouts": null,
            "vm_protection_enabled": false
          },
          "sensitive_attributes": [],
          "private": "eyJlMmJmYjczMC1lY2FhLTExZTYtOGY4OC0zNDM2M2JjN2M0YzAiOnsiY3JlYXRlIjoxODAwMDAwMDAwMDAwLCJkZWxldGUiOjE4MDAwMDAwMDAwMDAsInJlYWQiOjMwMDAwMDAwMDAwMCwidXBkYXRlIjoxODAwMDAwMDAwMDAwfX0=",
          "dependencies": [
            "azurerm_resource_group.rg",
            "random_pet.rg_name",
            "random_string.name"
          ]
        }
      ]
    },
    {
      "mode": "managed",
      "type": "random_password",
      "name": "password",
      "provider": "provider[\"registry.terraform.io/hashicorp/random\"]",
      "instances": [
        {
          "schema_version": 3,
          "attributes": {
            "bcrypt_hash": "$2a$10$L33Gk3a/FQ7NwXLWUb6VHO5kC7Rp05eD.A63XBHafKhk0H/Y6Ohhe",
            "id": "none",
            "keepers": null,
            "length": 8,
            "lower": true,
            "min_lower": 1,
            "min_numeric": 1,
            "min_special": 1,
            "min_upper": 1,
            "number": true,
            "numeric": true,
            "override_special": "_",
            "result": "h5_PPM9k",
            "special": true,
            "upper": true
          },
          "sensitive_attributes": []
        }
      ]
    },
    {
      "mode": "managed",
      "type": "random_pet",
      "name": "rg_name",
      "provider": "provider[\"registry.terraform.io/hashicorp/random\"]",
      "instances": [
        {
          "schema_version": 0,
          "attributes": {
            "id": "rg-liberal-marmoset",
            "keepers": null,
            "length": 2,
            "prefix": "rg",
            "separator": "-"
          },
          "sensitive_attributes": []
        }
      ]
    },
    {
      "mode": "managed",
      "type": "random_string",
      "name": "name",
      "provider": "provider[\"registry.terraform.io/hashicorp/random\"]",
      "instances": [
        {
          "schema_version": 2,
          "attributes": {
            "id": "ohajckes",
            "keepers": null,
            "length": 8,
            "lower": true,
            "min_lower": 0,
            "min_numeric": 0,
            "min_special": 0,
            "min_upper": 0,
            "number": false,
            "numeric": false,
            "override_special": null,
            "result": "ohajckes",
            "special": false,
            "upper": false
          },
          "sensitive_attributes": []
        }
      ]
    }
  ]
}
